{
  "lockfileVersion": 1,
  "configVersion": 1,
  "workspaces": {
    "": {
      "name": "npm",
      "dependencies": {
        "find-up": "^5.0.0",
        "find-yarn-workspace-root": "^2.0.0",
        "jsonc-parser": "^3.2.0",
        "minimatch": "^5.1.6",
        "request-light": "^0.7.0",
        "vscode-uri": "^3.0.8",
        "which": "^4.0.0",
        "which-pm": "^2.1.1",
      },
      "devDependencies": {
        "@types/minimatch": "^5.1.2",
        "@types/node": "22.x",
        "@types/which": "^3.0.0",
      },
    },
  },
  "packages": {
    "@types/minimatch": ["@types/minimatch@5.1.2", "http://localhost:4873/@types/minimatch/-/minimatch-5.1.2.tgz", {}, "sha512-K0VQKziLUWkVKiRVrx4a40iPaxTUefQmjtkQofBkYRcoaaL/8rhwDWww9qWbrgicNOgnpIsMxyNIUM4+n6dUIA=="],

    "@types/node": ["@types/node@22.19.1", "http://localhost:4873/@types/node/-/node-22.19.1.tgz", { "dependencies": { "undici-types": "~6.21.0" } }, "sha512-LCCV0HdSZZZb34qifBsyWlUmok6W7ouER+oQIGBScS8EsZsQbrtFTUrDX4hOl+CS6p7cnNC4td+qrSVGSCTUfQ=="],

    "@types/which": ["@types/which@3.0.4", "http://localhost:4873/@types/which/-/which-3.0.4.tgz", {}, "sha512-liyfuo/106JdlgSchJzXEQCVArk0CvevqPote8F8HgWgJ3dRCcTHgJIsLDuee0kxk/mhbInzIZk3QWSZJ8R+2w=="],

    "argparse": ["argparse@1.0.10", "http://localhost:4873/argparse/-/argparse-1.0.10.tgz", { "dependencies": { "sprintf-js": "~1.0.2" } }, "sha512-o5Roy6tNG4SL/FOkCAN6RzjiakZS25RLYFrcMttJqbdd8BWrnA+fGz57iN5Pb06pvBGvl5gQ0B48dJlslXvoTg=="],

    "balanced-match": ["balanced-match@1.0.2", "http://localhost:4873/balanced-match/-/balanced-match-1.0.2.tgz", {}, "sha512-3oSeUO0TMV67hN1AmbXsK4yaqU7tjiHlbxRDZOpH0KW9+CeX4bRAaX0Anxt0tx2MrpRpWwQaPwIlISEJhYU5Pw=="],

    "brace-expansion": ["brace-expansion@2.0.2", "http://localhost:4873/brace-expansion/-/brace-expansion-2.0.2.tgz", { "dependencies": { "balanced-match": "^1.0.0" } }, "sha512-Jt0vHyM+jmUBqojB7E1NIYadt0vI0Qxjxd2TErW94wDz+E2LAm5vKMXXwg6ZZBTHPuUlDgQHKXvjGBdfcF1ZDQ=="],

    "braces": ["braces@3.0.3", "http://localhost:4873/braces/-/braces-3.0.3.tgz", { "dependencies": { "fill-range": "^7.1.1" } }, "sha512-yQbXgO/OSZVD2IsiLlro+7Hf6Q18EJrKSEsdoMzKePKXct3gvD8oLcOQdIzGupr5Fj+EDe8gO/lxc1BzfMpxvA=="],

    "esprima": ["esprima@4.0.1", "http://localhost:4873/esprima/-/esprima-4.0.1.tgz", { "bin": { "esparse": "./bin/esparse.js", "esvalidate": "./bin/esvalidate.js" } }, "sha512-eGuFFw7Upda+g4p+QHvnW0RyTX/SVeJBDM/gCtMARO0cLuT2HcEKnTPvhjV6aGeqrCB/sbNop0Kszm0jsaWU4A=="],

    "fill-range": ["fill-range@7.1.1", "http://localhost:4873/fill-range/-/fill-range-7.1.1.tgz", { "dependencies": { "to-regex-range": "^5.0.1" } }, "sha512-YsGpe3WHLK8ZYi4tWDg2Jy3ebRz2rXowDxnld4bkQB00cc/1Zw9AWnC0i9ztDJitivtQvaI9KaLyKrc+hBW0yg=="],

    "find-up": ["find-up@5.0.0", "http://localhost:4873/find-up/-/find-up-5.0.0.tgz", { "dependencies": { "locate-path": "^6.0.0", "path-exists": "^4.0.0" } }, "sha512-78/PXT1wlLLDgTzDs7sjq9hzz0vXD+zn+7wypEe4fXQxCmdmqfGsEPQxmiCSQI3ajFV91bVSsvNtrJRiW6nGng=="],

    "find-yarn-workspace-root": ["find-yarn-workspace-root@2.0.0", "http://localhost:4873/find-yarn-workspace-root/-/find-yarn-workspace-root-2.0.0.tgz", { "dependencies": { "micromatch": "^4.0.2" } }, "sha512-1IMnbjt4KzsQfnhnzNd8wUEgXZ44IzZaZmnLYx7D5FZlaHt2gW20Cri8Q+E/t5tIj4+epTBub+2Zxu/vNILzqQ=="],

    "graceful-fs": ["graceful-fs@4.2.11", "http://localhost:4873/graceful-fs/-/graceful-fs-4.2.11.tgz", {}, "sha512-RbJ5/jmFcNNCcDV5o9eTnBLJ/HszWV0P73bc+Ff4nS/rJj+YaS6IGyiOL0VoBYX+l1Wrl3k63h/KrH+nhJ0XvQ=="],

    "is-number": ["is-number@7.0.0", "http://localhost:4873/is-number/-/is-number-7.0.0.tgz", {}, "sha512-41Cifkg6e8TylSpdtTpeLVMqvSBEVzTttHvERD741+pnZ8ANv0004MRL43QKPDlK9cGvNp6NZWZUBlbGXYxxng=="],

    "isexe": ["isexe@3.1.1", "http://localhost:4873/isexe/-/isexe-3.1.1.tgz", {}, "sha512-LpB/54B+/2J5hqQ7imZHfdU31OlgQqx7ZicVlkm9kzg9/w8GKLEcFfJl/t7DCEDueOyBAD6zCCwTO6Fzs0NoEQ=="],

    "js-yaml": ["js-yaml@3.14.1", "http://localhost:4873/js-yaml/-/js-yaml-3.14.1.tgz", { "dependencies": { "argparse": "^1.0.7", "esprima": "^4.0.0" }, "bin": { "js-yaml": "bin/js-yaml.js" } }, "sha512-okMH7OXXJ7YrN9Ok3/SXrnu4iX9yOk+25nqX4imS2npuvTYDmo/QEZoqwZkYaIDk3jVvBOTOIEgEhaLOynBS9g=="],

    "jsonc-parser": ["jsonc-parser@3.3.1", "http://localhost:4873/jsonc-parser/-/jsonc-parser-3.3.1.tgz", {}, "sha512-HUgH65KyejrUFPvHFPbqOY0rsFip3Bo5wb4ngvdi1EpCYWUQDC5V+Y7mZws+DLkr4M//zQJoanu1SP+87Dv1oQ=="],

    "load-yaml-file": ["load-yaml-file@0.2.0", "http://localhost:4873/load-yaml-file/-/load-yaml-file-0.2.0.tgz", { "dependencies": { "graceful-fs": "^4.1.5", "js-yaml": "^3.13.0", "pify": "^4.0.1", "strip-bom": "^3.0.0" } }, "sha512-OfCBkGEw4nN6JLtgRidPX6QxjBQGQf72q3si2uvqyFEMbycSFFHwAZeXx6cJgFM9wmLrf9zBwCP3Ivqa+LLZPw=="],

    "locate-path": ["locate-path@6.0.0", "http://localhost:4873/locate-path/-/locate-path-6.0.0.tgz", { "dependencies": { "p-locate": "^5.0.0" } }, "sha512-iPZK6eYjbxRu3uB4/WZ3EsEIMJFMqAoopl3R+zuq0UjcAm/MO6KCweDgPfP3elTztoKP3KtnVHxTn2NHBSDVUw=="],

    "micromatch": ["micromatch@4.0.8", "http://localhost:4873/micromatch/-/micromatch-4.0.8.tgz", { "dependencies": { "braces": "^3.0.3", "picomatch": "^2.3.1" } }, "sha512-PXwfBhYu0hBCPw8Dn0E+WDYb7af3dSLVWKi3HGv84IdF4TyFoC0ysxFd0Goxw7nSv4T/PzEJQxsYsEiFCKo2BA=="],

    "minimatch": ["minimatch@5.1.6", "http://localhost:4873/minimatch/-/minimatch-5.1.6.tgz", { "dependencies": { "brace-expansion": "^2.0.1" } }, "sha512-lKwV/1brpG6mBUFHtb7NUmtABCb2WZZmm2wNiOA5hAb8VdCS4B3dtMWyvcoViccwAW/COERjXLt0zP1zXUN26g=="],

    "p-limit": ["p-limit@3.1.0", "http://localhost:4873/p-limit/-/p-limit-3.1.0.tgz", { "dependencies": { "yocto-queue": "^0.1.0" } }, "sha512-TYOanM3wGwNGsZN2cVTYPArw454xnXj5qmWF1bEoAc4+cU/ol7GVh7odevjp1FNHduHc3KZMcFduxU5Xc6uJRQ=="],

    "p-locate": ["p-locate@5.0.0", "http://localhost:4873/p-locate/-/p-locate-5.0.0.tgz", { "dependencies": { "p-limit": "^3.0.2" } }, "sha512-LaNjtRWUBY++zB5nE/NwcaoMylSPk+S+ZHNB1TzdbMJMny6dynpAGt7X/tl/QYq3TIeE6nxHppbo2LGymrG5Pw=="],

    "path-exists": ["path-exists@4.0.0", "http://localhost:4873/path-exists/-/path-exists-4.0.0.tgz", {}, "sha512-ak9Qy5Q7jYb2Wwcey5Fpvg2KoAc/ZIhLSLOSBmRmygPsGwkVVt0fZa0qrtMz+m6tJTAHfZQ8FnmB4MG4LWy7/w=="],

    "picomatch": ["picomatch@2.3.1", "http://localhost:4873/picomatch/-/picomatch-2.3.1.tgz", {}, "sha512-JU3teHTNjmE2VCGFzuY8EXzCDVwEqB2a8fsIvwaStHhAWJEeVd1o1QD80CU6+ZdEXXSLbSsuLwJjkCBWqRQUVA=="],

    "pify": ["pify@4.0.1", "http://localhost:4873/pify/-/pify-4.0.1.tgz", {}, "sha512-uB80kBFb/tfd68bVleG9T5GGsGPjJrLAUpR5PZIrhBnIaRTQRjqdJSsIKkOP6OAIFbj7GOrcudc5pNjZ+geV2g=="],

    "request-light": ["request-light@0.7.0", "http://localhost:4873/request-light/-/request-light-0.7.0.tgz", {}, "sha512-lMbBMrDoxgsyO+yB3sDcrDuX85yYt7sS8BfQd11jtbW/z5ZWgLZRcEGLsLoYw7I0WSUGQBs8CC8ScIxkTX1+6Q=="],

    "sprintf-js": ["sprintf-js@1.0.3", "http://localhost:4873/sprintf-js/-/sprintf-js-1.0.3.tgz", {}, "sha512-D9cPgkvLlV3t3IzL0D0YLvGA9Ahk4PcvVwUbN0dSGr1aP0Nrt4AEnTUbuGvquEC0mA64Gqt1fzirlRs5ibXx8g=="],

    "strip-bom": ["strip-bom@3.0.0", "http://localhost:4873/strip-bom/-/strip-bom-3.0.0.tgz", {}, "sha512-vavAMRXOgBVNF6nyEEmL3DBK19iRpDcoIwW+swQ+CbGiu7lju6t+JklA1MHweoWtadgt4ISVUsXLyDq34ddcwA=="],

    "to-regex-range": ["to-regex-range@5.0.1", "http://localhost:4873/to-regex-range/-/to-regex-range-5.0.1.tgz", { "dependencies": { "is-number": "^7.0.0" } }, "sha512-65P7iz6X5yEr1cwcgvQxbbIw7Uk3gOy5dIdtZ4rDveLqhrdJP+Li/Hx6tyK0NEb+2GCyneCMJiGqrADCSNk8sQ=="],

    "undici-types": ["undici-types@6.21.0", "http://localhost:4873/undici-types/-/undici-types-6.21.0.tgz", {}, "sha512-iwDZqg0QAGrg9Rav5H4n0M64c3mkR59cJ6wQp+7C4nI0gsmExaedaYLNO44eT4AtBBwjbTiGPMlt2Md0T9H9JQ=="],

    "vscode-uri": ["vscode-uri@3.1.0", "http://localhost:4873/vscode-uri/-/vscode-uri-3.1.0.tgz", {}, "sha512-/BpdSx+yCQGnCvecbyXdxHDkuk55/G3xwnC0GqY4gmQ3j+A+g8kzzgB4Nk/SINjqn6+waqw3EgbVF2QKExkRxQ=="],

    "which": ["which@4.0.0", "http://localhost:4873/which/-/which-4.0.0.tgz", { "dependencies": { "isexe": "^3.1.1" }, "bin": { "node-which": "bin/which.js" } }, "sha512-GlaYyEb07DPxYCKhKzplCWBJtvxZcZMrL+4UkrTSJHHPyZU4mYYTv3qaOe77H7EODLSSopAUFAc6W8U4yqvscg=="],

    "which-pm": ["which-pm@2.2.0", "http://localhost:4873/which-pm/-/which-pm-2.2.0.tgz", { "dependencies": { "load-yaml-file": "^0.2.0", "path-exists": "^4.0.0" } }, "sha512-MOiaDbA5ZZgUjkeMWM5EkJp4loW5ZRoa5bc3/aeMox/PJelMhE6t7S/mLuiY43DBupyxH+S0U1bTui9kWUlmsw=="],

    "yocto-queue": ["yocto-queue@0.1.0", "http://localhost:4873/yocto-queue/-/yocto-queue-0.1.0.tgz", {}, "sha512-rVksvsnNCdJ/ohGc6xgPwyN8eheCxsiLM8mxuE/t/mOVqJewPuO1miLpTHQiRgTKCLexL4MeAFVagts7HmNZ2Q=="],
  }
}
